
Microsoft Visual Studio Solution File, Format Version 12.00
# Visual Studio Version 16
VisualStudioVersion = 16.0.30011.22
MinimumVisualStudioVersion = 10.0.40219.1
Project("{FAE04EC0-301F-11D3-BF4B-00C04F79EFBC}") = "ClassAndObject", "ClassAndObject.csproj", "{9161DD59-E99F-4060-8694-3EEE8ADC8923}"
EndProject
Global
	GlobalSection(SolutionConfigurationPlatforms) = preSolution
		Debug|Any CPU = Debug|Any CPU
		Release|Any CPU = Release|Any CPU
	EndGlobalSection
	GlobalSection(ProjectConfigurationPlatforms) = postSolution
		{9161DD59-E99F-4060-8694-3EEE8ADC8923}.Debug|Any CPU.ActiveCfg = Debug|Any CPU
		{9161DD59-E99F-4060-8694-3EEE8ADC8923}.Debug|Any CPU.Build.0 = Debug|Any CPU
		{9161DD59-E99F-4060-8694-3EEE8ADC8923}.Release|Any CPU.ActiveCfg = Release|Any CPU
		{9161DD59-E99F-4060-8694-3EEE8ADC8923}.Release|Any CPU.Build.0 = Release|Any CPU
	EndGlobalSection
	GlobalSection(SolutionProperties) = preSolution
		HideSolutionNode = FALSE
	EndGlobalSection
	GlobalSection(ExtensibilityGlobals) = postSolution
		SolutionGuid = {CED56B64-744C-4133-B300-5A85F6B93D51}
	EndGlobalSection
EndGlobal
